
Microsoft Visual Studio Solution File, Format Version 12.00
# Visual Studio Version 16
VisualStudioVersion = 16.0.31129.286
MinimumVisualStudioVersion = 10.0.40219.1
Project("{888888A0-9F3D-457C-B088-3A5042F75D52}") = "TestProject", "TestProject\TestProject.pyproj", "{3C111C7D-9712-408E-84A7-8537BC60FABA}"
EndProject
Global
	GlobalSection(SolutionConfigurationPlatforms) = preSolution
		Debug|Any CPU = Debug|Any CPU
		Release|Any CPU = Release|Any CPU
	EndGlobalSection
	GlobalSection(ProjectConfigurationPlatforms) = postSolution
		{3C111C7D-9712-408E-84A7-8537BC60FABA}.Debug|Any CPU.ActiveCfg = Debug|Any CPU
		{3C111C7D-9712-408E-84A7-8537BC60FABA}.Release|Any CPU.ActiveCfg = Release|Any CPU
	EndGlobalSection
	GlobalSection(SolutionProperties) = preSolution
		HideSolutionNode = FALSE
	EndGlobalSection
	GlobalSection(ExtensibilityGlobals) = postSolution
		SolutionGuid = {816402E0-7482-4F6C-96DC-938DF3121D4E}
	EndGlobalSection
EndGlobal
